
Microsoft Visual Studio Solution File, Format Version 12.00
# Visual Studio Version 16
VisualStudioVersion = 16.0.29411.108
MinimumVisualStudioVersion = 10.0.40219.1
Project("{FAE04EC0-301F-11D3-BF4B-00C04F79EFBC}") = "StudentManagment", "StudentManagment\StudentManagment.csproj", "{32086FCC-ECF6-40F1-853B-F5A402263C84}"
EndProject
Global
	GlobalSection(SolutionConfigurationPlatforms) = preSolution
		Debug|Any CPU = Debug|Any CPU
		Release|Any CPU = Release|Any CPU
	EndGlobalSection
	GlobalSection(ProjectConfigurationPlatforms) = postSolution
		{32086FCC-ECF6-40F1-853B-F5A402263C84}.Debug|Any CPU.ActiveCfg = Debug|Any CPU
		{32086FCC-ECF6-40F1-853B-F5A402263C84}.Debug|Any CPU.Build.0 = Debug|Any CPU
		{32086FCC-ECF6-40F1-853B-F5A402263C84}.Release|Any CPU.ActiveCfg = Release|Any CPU
		{32086FCC-ECF6-40F1-853B-F5A402263C84}.Release|Any CPU.Build.0 = Release|Any CPU
	EndGlobalSection
	GlobalSection(SolutionProperties) = preSolution
		HideSolutionNode = FALSE
	EndGlobalSection
	GlobalSection(ExtensibilityGlobals) = postSolution
		SolutionGuid = {DE9F0D0A-338D-4275-B990-B39292CD4556}
	EndGlobalSection
EndGlobal
